
Microsoft Visual Studio Solution File, Format Version 12.00
# Visual Studio Version 16
VisualStudioVersion = 16.0.31112.23
MinimumVisualStudioVersion = 10.0.40219.1
Project("{FAE04EC0-301F-11D3-BF4B-00C04F79EFBC}") = "Zoo", "Zoo\Zoo.csproj", "{2B38C692-F87D-4F1D-831C-58BB9F298F4C}"
EndProject
Global
	GlobalSection(SolutionConfigurationPlatforms) = preSolution
		Debug|Any CPU = Debug|Any CPU
		Release|Any CPU = Release|Any CPU
	EndGlobalSection
	GlobalSection(ProjectConfigurationPlatforms) = postSolution
		{2B38C692-F87D-4F1D-831C-58BB9F298F4C}.Debug|Any CPU.ActiveCfg = Debug|Any CPU
		{2B38C692-F87D-4F1D-831C-58BB9F298F4C}.Debug|Any CPU.Build.0 = Debug|Any CPU
		{2B38C692-F87D-4F1D-831C-58BB9F298F4C}.Release|Any CPU.ActiveCfg = Release|Any CPU
		{2B38C692-F87D-4F1D-831C-58BB9F298F4C}.Release|Any CPU.Build.0 = Release|Any CPU
	EndGlobalSection
	GlobalSection(SolutionProperties) = preSolution
		HideSolutionNode = FALSE
	EndGlobalSection
	GlobalSection(ExtensibilityGlobals) = postSolution
		SolutionGuid = {D93278C1-FA5C-44B0-BE36-E681A5A17AF9}
	EndGlobalSection
EndGlobal
